# This file was autogenerated by Stack.
# You should not edit this file by hand.
# For more information, please see the documentation at:
#   https://docs.haskellstack.org/en/stable/lock_files

packages:
- completed:
    hackage: network-transport-inmemory-0.5.2@sha256:333544d0ef41ac0b5ccc570f131edefa350d2d522f581ff7351a027a65229ab2,2667
    pantry-tree:
      size: 586
      sha256: 904fe4d94168b3d541512b21cb3f9bff86a8913900faf819c9cc11eff5ac1646
  original:
    hackage: network-transport-inmemory-0.5.2
- completed:
    hackage: rematch-0.2.0.0@sha256:86019f4d6a4347e1291a0a9f85ba6324e1447e2b93d75958e59c24212e9d8178,1245
    pantry-tree:
      size: 386
      sha256: a03afe4ac95716bda72e3cd1ce762b5e7edc6d0d0d1ada8c48c5c656cf667a62
  original:
    hackage: rematch-0.2.0.0
- completed:
    hackage: exceptions-0.10.0@sha256:ef6066c13de2dfd191dc810f9dfa9a474318abc9bb458413ffbdd2ece482312a,2149
    pantry-tree:
      size: 907
      sha256: 141993792cc6b0db48a8bb8ebbb255a3f0b0a21cd43eb77d5cef591514a60539
  original:
    hackage: exceptions-0.10.0
- completed:
    hackage: distributed-static-0.3.9@sha256:0eb308ee416db4541cb5b4d2dff387e7c9394e6deaf76b7e829ce46add4448bc,2237
    pantry-tree:
      size: 286
      sha256: 4f42a4fe0ce97fb4a1ae2c947b6077ee718a5f11545a72387c13a0edc405d28e
  original:
    hackage: distributed-static-0.3.9
- completed:
    cabal-file:
      size: 1648
      sha256: 9832c9840e4a2b9d6ea270cf6ce5333a5f6f9f51dbf9c39d5188312218b6757e
    name: distributed-process-systest
    version: 0.2.0
    git: https://github.com/adjoint-io/distributed-process-systest.git
    pantry-tree:
      size: 461
      sha256: 287b3015f0034182f6542f4639c277a2f540b67686200f47058d07b3e384f91f
    commit: 78770663c8b5309522db27dd290de5aee07c5366
  original:
    git: https://github.com/adjoint-io/distributed-process-systest.git
    commit: 78770663c8b5309522db27dd290de5aee07c5366
- completed:
    cabal-file:
      size: 3390
      sha256: 7d9109f979e1c1f166c46a0b2cfc812a3c7e95bd6de24c92382473fcec50df02
    name: network-transport-tcp
    version: 0.6.0
    git: https://github.com/adjoint-io/network-transport-tcp.git
    pantry-tree:
      size: 1986
      sha256: 3a21594222329cbc5be7496ed17fa7b480afbf45667e9bf8b3beef1e575b8a74
    commit: fda9660e55d22cb8c406331483605db057b08c0e
  original:
    git: https://github.com/adjoint-io/network-transport-tcp.git
    commit: fda9660e55d22cb8c406331483605db057b08c0e
- completed:
    cabal-file:
      size: 7384
      sha256: 0329d7b5c9e6aafe2fad58123ddb5d28726c95b2b9bec0508e968e038e0cc1d4
    name: distributed-process
    version: 0.7.4
    git: https://github.com/haskell-distributed/distributed-process.git
    pantry-tree:
      size: 5756
      sha256: 5308200734385bdde0163058dba6a485b36af4b30a9f7b28dcd40b4addfb408b
    commit: 660d554f6acd2dba8b605c84e8fa69e45708bc14
  original:
    git: https://github.com/haskell-distributed/distributed-process.git
    commit: 660d554f6acd2dba8b605c84e8fa69e45708bc14
snapshots:
- completed:
    size: 495801
    url: https://raw.githubusercontent.com/commercialhaskell/stackage-snapshots/master/lts/13/11.yaml
    sha256: 835062158db2b3ebb8b9525d9662a02ebf9783e8f6a08a64684cd5546f847152
  original: lts-13.11
